
Microsoft Visual Studio Solution File, Format Version 12.00
# Visual Studio Version 16
VisualStudioVersion = 16.0.31829.152
MinimumVisualStudioVersion = 10.0.40219.1
Project("{FAE04EC0-301F-11D3-BF4B-00C04F79EFBC}") = "ApiCatalogoJogos", "ApiCatalogoJogos\ApiCatalogoJogos.csproj", "{68267469-969A-4A73-AC26-37A26B98D37E}"
EndProject
Global
	GlobalSection(SolutionConfigurationPlatforms) = preSolution
		Debug|Any CPU = Debug|Any CPU
		Release|Any CPU = Release|Any CPU
	EndGlobalSection
	GlobalSection(ProjectConfigurationPlatforms) = postSolution
		{68267469-969A-4A73-AC26-37A26B98D37E}.Debug|Any CPU.ActiveCfg = Debug|Any CPU
		{68267469-969A-4A73-AC26-37A26B98D37E}.Debug|Any CPU.Build.0 = Debug|Any CPU
		{68267469-969A-4A73-AC26-37A26B98D37E}.Release|Any CPU.ActiveCfg = Release|Any CPU
		{68267469-969A-4A73-AC26-37A26B98D37E}.Release|Any CPU.Build.0 = Release|Any CPU
	EndGlobalSection
	GlobalSection(SolutionProperties) = preSolution
		HideSolutionNode = FALSE
	EndGlobalSection
	GlobalSection(ExtensibilityGlobals) = postSolution
		SolutionGuid = {CD6EEC19-7B6E-4567-A6FB-CED4EF41953E}
	EndGlobalSection
EndGlobal
